
Microsoft Visual Studio Solution File, Format Version 12.00
# Visual Studio 15
VisualStudioVersion = 15.0.27703.2035
MinimumVisualStudioVersion = 10.0.40219.1
Project("{FAE04EC0-301F-11D3-BF4B-00C04F79EFBC}") = "MHArmory", "MHArmory\MHArmory.csproj", "{B0A72C5D-4CE0-4417-BD68-B902B8C00EC6}"
EndProject
Project("{9A19103F-16F7-4668-BE54-9A1E7A4F7556}") = "MHArmory.Core", "MHArmory.Core\MHArmory.Core.csproj", "{BD19A211-15EA-4896-8257-83A14F3C634F}"
EndProject
Project("{9A19103F-16F7-4668-BE54-9A1E7A4F7556}") = "MHArmory.AthenaAssDataSource", "MHArmory.AthenaAssDataSource\MHArmory.AthenaAssDataSource.csproj", "{3796097E-B739-4F78-87B1-689DE3B66DBF}"
EndProject
Project("{9A19103F-16F7-4668-BE54-9A1E7A4F7556}") = "DistributionTool", "DistributionTool\DistributionTool.csproj", "{1391FFEE-A8B8-41E6-8623-16145A0D9354}"
EndProject
Project("{2150E333-8FDC-42A3-9474-1A3956D46DE8}") = "Solution Items", "Solution Items", "{6CDAFF2E-4CF4-40BE-AABF-E78A2EF0C1BB}"
	ProjectSection(SolutionItems) = preProject
		.editorconfig = .editorconfig
	EndProjectSection
EndProject
Project("{9A19103F-16F7-4668-BE54-9A1E7A4F7556}") = "DataSourceTool", "DataSourceTool\DataSourceTool.csproj", "{BCA6284F-684A-473A-8E4D-56CDCCE6F674}"
EndProject
Project("{9A19103F-16F7-4668-BE54-9A1E7A4F7556}") = "MHArmory.ArmoryDataSource", "MHArmory.ArmoryDataSource\MHArmory.ArmoryDataSource.csproj", "{9B314A16-0501-47AA-9459-966F8E540B7E}"
EndProject
Project("{9A19103F-16F7-4668-BE54-9A1E7A4F7556}") = "MHWSaveUtils", "MHWSaveUtils\MHWSaveUtils\MHWSaveUtils.csproj", "{E0F3FD6A-4633-40F5-9A5D-6652A175727A}"
EndProject
Project("{9A19103F-16F7-4668-BE54-9A1E7A4F7556}") = "MHArmory.Search.Contracts", "MHArmory.Search.Contracts\MHArmory.Search.Contracts.csproj", "{46E1D053-5670-4B4E-B5DD-B09358B5D36A}"
EndProject
Project("{FAE04EC0-301F-11D3-BF4B-00C04F79EFBC}") = "MHArmory.Search", "MHArmory.Search\MHArmory.Search.csproj", "{EFC218F1-AAE3-499A-A26C-85878B8CEC3A}"
EndProject
Global
	GlobalSection(SolutionConfigurationPlatforms) = preSolution
		Debug|Any CPU = Debug|Any CPU
		Release|Any CPU = Release|Any CPU
	EndGlobalSection
	GlobalSection(ProjectConfigurationPlatforms) = postSolution
		{B0A72C5D-4CE0-4417-BD68-B902B8C00EC6}.Debug|Any CPU.ActiveCfg = Debug|Any CPU
		{B0A72C5D-4CE0-4417-BD68-B902B8C00EC6}.Debug|Any CPU.Build.0 = Debug|Any CPU
		{B0A72C5D-4CE0-4417-BD68-B902B8C00EC6}.Release|Any CPU.ActiveCfg = Release|Any CPU
		{B0A72C5D-4CE0-4417-BD68-B902B8C00EC6}.Release|Any CPU.Build.0 = Release|Any CPU
		{BD19A211-15EA-4896-8257-83A14F3C634F}.Debug|Any CPU.ActiveCfg = Debug|Any CPU
		{BD19A211-15EA-4896-8257-83A14F3C634F}.Debug|Any CPU.Build.0 = Debug|Any CPU
		{BD19A211-15EA-4896-8257-83A14F3C634F}.Release|Any CPU.ActiveCfg = Release|Any CPU
		{BD19A211-15EA-4896-8257-83A14F3C634F}.Release|Any CPU.Build.0 = Release|Any CPU
		{3796097E-B739-4F78-87B1-689DE3B66DBF}.Debug|Any CPU.ActiveCfg = Debug|Any CPU
		{3796097E-B739-4F78-87B1-689DE3B66DBF}.Debug|Any CPU.Build.0 = Debug|Any CPU
		{3796097E-B739-4F78-87B1-689DE3B66DBF}.Release|Any CPU.ActiveCfg = Release|Any CPU
		{3796097E-B739-4F78-87B1-689DE3B66DBF}.Release|Any CPU.Build.0 = Release|Any CPU
		{1391FFEE-A8B8-41E6-8623-16145A0D9354}.Debug|Any CPU.ActiveCfg = Debug|Any CPU
		{1391FFEE-A8B8-41E6-8623-16145A0D9354}.Debug|Any CPU.Build.0 = Debug|Any CPU
		{1391FFEE-A8B8-41E6-8623-16145A0D9354}.Release|Any CPU.ActiveCfg = Release|Any CPU
		{1391FFEE-A8B8-41E6-8623-16145A0D9354}.Release|Any CPU.Build.0 = Release|Any CPU
		{BCA6284F-684A-473A-8E4D-56CDCCE6F674}.Debug|Any CPU.ActiveCfg = Debug|Any CPU
		{BCA6284F-684A-473A-8E4D-56CDCCE6F674}.Debug|Any CPU.Build.0 = Debug|Any CPU
		{BCA6284F-684A-473A-8E4D-56CDCCE6F674}.Release|Any CPU.ActiveCfg = Release|Any CPU
		{BCA6284F-684A-473A-8E4D-56CDCCE6F674}.Release|Any CPU.Build.0 = Release|Any CPU
		{9B314A16-0501-47AA-9459-966F8E540B7E}.Debug|Any CPU.ActiveCfg = Debug|Any CPU
		{9B314A16-0501-47AA-9459-966F8E540B7E}.Debug|Any CPU.Build.0 = Debug|Any CPU
		{9B314A16-0501-47AA-9459-966F8E540B7E}.Release|Any CPU.ActiveCfg = Release|Any CPU
		{9B314A16-0501-47AA-9459-966F8E540B7E}.Release|Any CPU.Build.0 = Release|Any CPU
		{E0F3FD6A-4633-40F5-9A5D-6652A175727A}.Debug|Any CPU.ActiveCfg = Debug|Any CPU
		{E0F3FD6A-4633-40F5-9A5D-6652A175727A}.Debug|Any CPU.Build.0 = Debug|Any CPU
		{E0F3FD6A-4633-40F5-9A5D-6652A175727A}.Release|Any CPU.ActiveCfg = Release|Any CPU
		{E0F3FD6A-4633-40F5-9A5D-6652A175727A}.Release|Any CPU.Build.0 = Release|Any CPU
		{46E1D053-5670-4B4E-B5DD-B09358B5D36A}.Debug|Any CPU.ActiveCfg = Debug|Any CPU
		{46E1D053-5670-4B4E-B5DD-B09358B5D36A}.Debug|Any CPU.Build.0 = Debug|Any CPU
		{46E1D053-5670-4B4E-B5DD-B09358B5D36A}.Release|Any CPU.ActiveCfg = Release|Any CPU
		{46E1D053-5670-4B4E-B5DD-B09358B5D36A}.Release|Any CPU.Build.0 = Release|Any CPU
		{EFC218F1-AAE3-499A-A26C-85878B8CEC3A}.Debug|Any CPU.ActiveCfg = Debug|Any CPU
		{EFC218F1-AAE3-499A-A26C-85878B8CEC3A}.Debug|Any CPU.Build.0 = Debug|Any CPU
		{EFC218F1-AAE3-499A-A26C-85878B8CEC3A}.Release|Any CPU.ActiveCfg = Release|Any CPU
		{EFC218F1-AAE3-499A-A26C-85878B8CEC3A}.Release|Any CPU.Build.0 = Release|Any CPU
	EndGlobalSection
	GlobalSection(SolutionProperties) = preSolution
		HideSolutionNode = FALSE
	EndGlobalSection
	GlobalSection(ExtensibilityGlobals) = postSolution
		SolutionGuid = {19F5CF53-F880-4F91-BB7D-406C4D7A4B0D}
	EndGlobalSection
EndGlobal
