
Microsoft Visual Studio Solution File, Format Version 12.00
# Visual Studio 15
VisualStudioVersion = 15.0.27703.2035
MinimumVisualStudioVersion = 10.0.40219.1
Project("{FAE04EC0-301F-11D3-BF4B-00C04F79EFBC}") = "MHArmory", "MHArmory\MHArmory.csproj", "{B0A72C5D-4CE0-4417-BD68-B902B8C00EC6}"
EndProject
Project("{FAE04EC0-301F-11D3-BF4B-00C04F79EFBC}") = "MHArmory.Core", "MHArmory.Core\MHArmory.Core.csproj", "{BD19A211-15EA-4896-8257-83A14F3C634F}"
EndProject
Global
	GlobalSection(SolutionConfigurationPlatforms) = preSolution
		Debug|Any CPU = Debug|Any CPU
		Release|Any CPU = Release|Any CPU
	EndGlobalSection
	GlobalSection(ProjectConfigurationPlatforms) = postSolution
		{B0A72C5D-4CE0-4417-BD68-B902B8C00EC6}.Debug|Any CPU.ActiveCfg = Debug|Any CPU
		{B0A72C5D-4CE0-4417-BD68-B902B8C00EC6}.Debug|Any CPU.Build.0 = Debug|Any CPU
		{B0A72C5D-4CE0-4417-BD68-B902B8C00EC6}.Release|Any CPU.ActiveCfg = Release|Any CPU
		{B0A72C5D-4CE0-4417-BD68-B902B8C00EC6}.Release|Any CPU.Build.0 = Release|Any CPU
		{BD19A211-15EA-4896-8257-83A14F3C634F}.Debug|Any CPU.ActiveCfg = Debug|Any CPU
		{BD19A211-15EA-4896-8257-83A14F3C634F}.Debug|Any CPU.Build.0 = Debug|Any CPU
		{BD19A211-15EA-4896-8257-83A14F3C634F}.Release|Any CPU.ActiveCfg = Release|Any CPU
		{BD19A211-15EA-4896-8257-83A14F3C634F}.Release|Any CPU.Build.0 = Release|Any CPU
	EndGlobalSection
	GlobalSection(SolutionProperties) = preSolution
		HideSolutionNode = FALSE
	EndGlobalSection
	GlobalSection(ExtensibilityGlobals) = postSolution
		SolutionGuid = {19F5CF53-F880-4F91-BB7D-406C4D7A4B0D}
	EndGlobalSection
EndGlobal
